
Microsoft Visual Studio Solution File, Format Version 12.00
Project("{FAE04EC0-301F-11D3-BF4B-00C04F79EFBC}") = "Todolist.Presentation", "Todolist.Presentation\Todolist.Presentation.csproj", "{E9182A71-E027-4A12-AF35-DC4F0D700BFC}"
EndProject
Global
	GlobalSection(SolutionConfigurationPlatforms) = preSolution
		Debug|Any CPU = Debug|Any CPU
		Release|Any CPU = Release|Any CPU
	EndGlobalSection
	GlobalSection(ProjectConfigurationPlatforms) = postSolution
		{E9182A71-E027-4A12-AF35-DC4F0D700BFC}.Debug|Any CPU.ActiveCfg = Debug|Any CPU
		{E9182A71-E027-4A12-AF35-DC4F0D700BFC}.Debug|Any CPU.Build.0 = Debug|Any CPU
		{E9182A71-E027-4A12-AF35-DC4F0D700BFC}.Release|Any CPU.ActiveCfg = Release|Any CPU
		{E9182A71-E027-4A12-AF35-DC4F0D700BFC}.Release|Any CPU.Build.0 = Release|Any CPU
	EndGlobalSection
EndGlobal
